// !$*UTF8*$!
{
	archiveVersion = 1;
	classes = {
	};
	objectVersion = 50;
	objects = {

/* Begin PBXBuildFile section */
		3D38C13428B7BC03007CAE04 /* AppDelegate.swift in Sources */ = {isa = PBXBuildFile; fileRef = 3D38C13328B7BC03007CAE04 /* AppDelegate.swift */; };
		3D38C13628B7BC03007CAE04 /* SceneDelegate.swift in Sources */ = {isa = PBXBuildFile; fileRef = 3D38C13528B7BC03007CAE04 /* SceneDelegate.swift */; };
		3D38C13828B7BC03007CAE04 /* ViewController.swift in Sources */ = {isa = PBXBuildFile; fileRef = 3D38C13728B7BC03007CAE04 /* ViewController.swift */; };
		3D38C13B28B7BC03007CAE04 /* Main.storyboard in Resources */ = {isa = PBXBuildFile; fileRef = 3D38C13928B7BC03007CAE04 /* Main.storyboard */; };
		3D38C13D28B7BC06007CAE04 /* Assets.xcassets in Resources */ = {isa = PBXBuildFile; fileRef = 3D38C13C28B7BC06007CAE04 /* Assets.xcassets */; };
		3D38C14028B7BC06007CAE04 /* LaunchScreen.storyboard in Resources */ = {isa = PBXBuildFile; fileRef = 3D38C13E28B7BC06007CAE04 /* LaunchScreen.storyboard */; };
		3D38C14B28B7BC06007CAE04 /* adaptaciones_pantallaTests.swift in Sources */ = {isa = PBXBuildFile; fileRef = 3D38C14A28B7BC06007CAE04 /* adaptaciones_pantallaTests.swift */; };
		3D38C15628B7BC06007CAE04 /* adaptaciones_pantallaUITests.swift in Sources */ = {isa = PBXBuildFile; fileRef = 3D38C15528B7BC06007CAE04 /* adaptaciones_pantallaUITests.swift */; };
/* End PBXBuildFile section */

/* Begin PBXContainerItemProxy section */
		3D38C14728B7BC06007CAE04 /* PBXContainerItemProxy */ = {
			isa = PBXContainerItemProxy;
			containerPortal = 3D38C12828B7BC03007CAE04 /* Project object */;
			proxyType = 1;
			remoteGlobalIDString = 3D38C12F28B7BC03007CAE04;
			remoteInfo = "adaptaciones-pantalla";
		};
		3D38C15228B7BC06007CAE04 /* PBXContainerItemProxy */ = {
			isa = PBXContainerItemProxy;
			containerPortal = 3D38C12828B7BC03007CAE04 /* Project object */;
			proxyType = 1;
			remoteGlobalIDString = 3D38C12F28B7BC03007CAE04;
			remoteInfo = "adaptaciones-pantalla";
		};
/* End PBXContainerItemProxy section */

/* Begin PBXFileReference section */
		3D38C13028B7BC03007CAE04 /* adaptaciones-pantalla.app */ = {isa = PBXFileReference; explicitFileType = wrapper.application; includeInIndex = 0; path = "adaptaciones-pantalla.app"; sourceTree = BUILT_PRODUCTS_DIR; };
		3D38C13328B7BC03007CAE04 /* AppDelegate.swift */ = {isa = PBXFileReference; lastKnownFileType = sourcecode.swift; path = AppDelegate.swift; sourceTree = "<group>"; };
		3D38C13528B7BC03007CAE04 /* SceneDelegate.swift */ = {isa = PBXFileReference; lastKnownFileType = sourcecode.swift; path = SceneDelegate.swift; sourceTree = "<group>"; };
		3D38C13728B7BC03007CAE04 /* ViewController.swift */ = {isa = PBXFileReference; lastKnownFileType = sourcecode.swift; path = ViewController.swift; sourceTree = "<group>"; };
		3D38C13A28B7BC03007CAE04 /* Base */ = {isa = PBXFileReference; lastKnownFileType = file.storyboard; name = Base; path = Base.lproj/Main.storyboard; sourceTree = "<group>"; };
		3D38C13C28B7BC06007CAE04 /* Assets.xcassets */ = {isa = PBXFileReference; lastKnownFileType = folder.assetcatalog; path = Assets.xcassets; sourceTree = "<group>"; };
		3D38C13F28B7BC06007CAE04 /* Base */ = {isa = PBXFileReference; lastKnownFileType = file.storyboard; name = Base; path = Base.lproj/LaunchScreen.storyboard; sourceTree = "<group>"; };
		3D38C14128B7BC06007CAE04 /* Info.plist */ = {isa = PBXFileReference; lastKnownFileType = text.plist.xml; path = Info.plist; sourceTree = "<group>"; };
		3D38C14628B7BC06007CAE04 /* adaptaciones-pantallaTests.xctest */ = {isa = PBXFileReference; explicitFileType = wrapper.cfbundle; includeInIndex = 0; path = "adaptaciones-pantallaTests.xctest"; sourceTree = BUILT_PRODUCTS_DIR; };
		3D38C14A28B7BC06007CAE04 /* adaptaciones_pantallaTests.swift */ = {isa = PBXFileReference; lastKnownFileType = sourcecode.swift; path = adaptaciones_pantallaTests.swift; sourceTree = "<group>"; };
		3D38C14C28B7BC06007CAE04 /* Info.plist */ = {isa = PBXFileReference; lastKnownFileType = text.plist.xml; path = Info.plist; sourceTree = "<group>"; };
		3D38C15128B7BC06007CAE04 /* adaptaciones-pantallaUITests.xctest */ = {isa = PBXFileReference; explicitFileType = wrapper.cfbundle; includeInIndex = 0; path = "adaptaciones-pantallaUITests.xctest"; sourceTree = BUILT_PRODUCTS_DIR; };
		3D38C15528B7BC06007CAE04 /* adaptaciones_pantallaUITests.swift */ = {isa = PBXFileReference; lastKnownFileType = sourcecode.swift; path = adaptaciones_pantallaUITests.swift; sourceTree = "<group>"; };
		3D38C15728B7BC06007CAE04 /* Info.plist */ = {isa = PBXFileReference; lastKnownFileType = text.plist.xml; path = Info.plist; sourceTree = "<group>"; };
/* End PBXFileReference section */

/* Begin PBXFrameworksBuildPhase section */
		3D38C12D28B7BC03007CAE04 /* Frameworks */ = {
			isa = PBXFrameworksBuildPhase;
			buildActionMask = 2147483647;
			files = (
			);
			runOnlyForDeploymentPostprocessing = 0;
		};
		3D38C14328B7BC06007CAE04 /* Frameworks */ = {
			isa = PBXFrameworksBuildPhase;
			buildActionMask = 2147483647;
			files = (
			);
			runOnlyForDeploymentPostprocessing = 0;
		};
		3D38C14E28B7BC06007CAE04 /* Frameworks */ = {
			isa = PBXFrameworksBuildPhase;
			buildActionMask = 2147483647;
			files = (
			);
			runOnlyForDeploymentPostprocessing = 0;
		};
/* End PBXFrameworksBuildPhase section */

/* Begin PBXGroup section */
		3D38C12728B7BC03007CAE04 = {
			isa = PBXGroup;
			children = (
				3D38C13228B7BC03007CAE04 /* adaptaciones-pantalla */,
				3D38C14928B7BC06007CAE04 /* adaptaciones-pantallaTests */,
				3D38C15428B7BC06007CAE04 /* adaptaciones-pantallaUITests */,
				3D38C13128B7BC03007CAE04 /* Products */,
			);
			sourceTree = "<group>";
		};
		3D38C13128B7BC03007CAE04 /* Products */ = {
			isa = PBXGroup;
			children = (
				3D38C13028B7BC03007CAE04 /* adaptaciones-pantalla.app */,
				3D38C14628B7BC06007CAE04 /* adaptaciones-pantallaTests.xctest */,
				3D38C15128B7BC06007CAE04 /* adaptaciones-pantallaUITests.xctest */,
			);
			name = Products;
			sourceTree = "<group>";
		};
		3D38C13228B7BC03007CAE04 /* adaptaciones-pantalla */ = {
			isa = PBXGroup;
			children = (
				3D38C13328B7BC03007CAE04 /* AppDelegate.swift */,
				3D38C13528B7BC03007CAE04 /* SceneDelegate.swift */,
				3D38C13728B7BC03007CAE04 /* ViewController.swift */,
				3D38C13928B7BC03007CAE04 /* Main.storyboard */,
				3D38C13C28B7BC06007CAE04 /* Assets.xcassets */,
				3D38C13E28B7BC06007CAE04 /* LaunchScreen.storyboard */,
				3D38C14128B7BC06007CAE04 /* Info.plist */,
			);
			path = "adaptaciones-pantalla";
			sourceTree = "<group>";
		};
		3D38C14928B7BC06007CAE04 /* adaptaciones-pantallaTests */ = {
			isa = PBXGroup;
			children = (
				3D38C14A28B7BC06007CAE04 /* adaptaciones_pantallaTests.swift */,
				3D38C14C28B7BC06007CAE04 /* Info.plist */,
			);
			path = "adaptaciones-pantallaTests";
			sourceTree = "<group>";
		};
		3D38C15428B7BC06007CAE04 /* adaptaciones-pantallaUITests */ = {
			isa = PBXGroup;
			children = (
				3D38C15528B7BC06007CAE04 /* adaptaciones_pantallaUITests.swift */,
				3D38C15728B7BC06007CAE04 /* Info.plist */,
			);
			path = "adaptaciones-pantallaUITests";
			sourceTree = "<group>";
		};
/* End PBXGroup section */

/* Begin PBXNativeTarget section */
		3D38C12F28B7BC03007CAE04 /* adaptaciones-pantalla */ = {
			isa = PBXNativeTarget;
			buildConfigurationList = 3D38C15A28B7BC06007CAE04 /* Build configuration list for PBXNativeTarget "adaptaciones-pantalla" */;
			buildPhases = (
				3D38C12C28B7BC03007CAE04 /* Sources */,
				3D38C12D28B7BC03007CAE04 /* Frameworks */,
				3D38C12E28B7BC03007CAE04 /* Resources */,
			);
			buildRules = (
			);
			dependencies = (
			);
			name = "adaptaciones-pantalla";
			productName = "adaptaciones-pantalla";
			productReference = 3D38C13028B7BC03007CAE04 /* adaptaciones-pantalla.app */;
			productType = "com.apple.product-type.application";
		};
		3D38C14528B7BC06007CAE04 /* adaptaciones-pantallaTests */ = {
			isa = PBXNativeTarget;
			buildConfigurationList = 3D38C15D28B7BC06007CAE04 /* Build configuration list for PBXNativeTarget "adaptaciones-pantallaTests" */;
			buildPhases = (
				3D38C14228B7BC06007CAE04 /* Sources */,
				3D38C14328B7BC06007CAE04 /* Frameworks */,
				3D38C14428B7BC06007CAE04 /* Resources */,
			);
			buildRules = (
			);
			dependencies = (
				3D38C14828B7BC06007CAE04 /* PBXTargetDependency */,
			);
			name = "adaptaciones-pantallaTests";
			productName = "adaptaciones-pantallaTests";
			productReference = 3D38C14628B7BC06007CAE04 /* adaptaciones-pantallaTests.xctest */;
			productType = "com.apple.product-type.bundle.unit-test";
		};
		3D38C15028B7BC06007CAE04 /* adaptaciones-pantallaUITests */ = {
			isa = PBXNativeTarget;
			buildConfigurationList = 3D38C16028B7BC06007CAE04 /* Build configuration list for PBXNativeTarget "adaptaciones-pantallaUITests" */;
			buildPhases = (
				3D38C14D28B7BC06007CAE04 /* Sources */,
				3D38C14E28B7BC06007CAE04 /* Frameworks */,
				3D38C14F28B7BC06007CAE04 /* Resources */,
			);
			buildRules = (
			);
			dependencies = (
				3D38C15328B7BC06007CAE04 /* PBXTargetDependency */,
			);
			name = "adaptaciones-pantallaUITests";
			productName = "adaptaciones-pantallaUITests";
			productReference = 3D38C15128B7BC06007CAE04 /* adaptaciones-pantallaUITests.xctest */;
			productType = "com.apple.product-type.bundle.ui-testing";
		};
/* End PBXNativeTarget section */

/* Begin PBXProject section */
		3D38C12828B7BC03007CAE04 /* Project object */ = {
			isa = PBXProject;
			attributes = {
				LastSwiftUpdateCheck = 1130;
				LastUpgradeCheck = 1130;
				ORGANIZATIONNAME = Alumno;
				TargetAttributes = {
					3D38C12F28B7BC03007CAE04 = {
						CreatedOnToolsVersion = 11.3.1;
					};
					3D38C14528B7BC06007CAE04 = {
						CreatedOnToolsVersion = 11.3.1;
						TestTargetID = 3D38C12F28B7BC03007CAE04;
					};
					3D38C15028B7BC06007CAE04 = {
						CreatedOnToolsVersion = 11.3.1;
						TestTargetID = 3D38C12F28B7BC03007CAE04;
					};
				};
			};
			buildConfigurationList = 3D38C12B28B7BC03007CAE04 /* Build configuration list for PBXProject "adaptaciones-pantalla" */;
			compatibilityVersion = "Xcode 9.3";
			developmentRegion = en;
			hasScannedForEncodings = 0;
			knownRegions = (
				en,
				Base,
			);
			mainGroup = 3D38C12728B7BC03007CAE04;
			productRefGroup = 3D38C13128B7BC03007CAE04 /* Products */;
			projectDirPath = "";
			projectRoot = "";
			targets = (
				3D38C12F28B7BC03007CAE04 /* adaptaciones-pantalla */,
				3D38C14528B7BC06007CAE04 /* adaptaciones-pantallaTests */,
				3D38C15028B7BC06007CAE04 /* adaptaciones-pantallaUITests */,
			);
		};
/* End PBXProject section */

/* Begin PBXResourcesBuildPhase section */
		3D38C12E28B7BC03007CAE04 /* Resources */ = {
			isa = PBXResourcesBuildPhase;
			buildActionMask = 2147483647;
			files = (
				3D38C14028B7BC06007CAE04 /* LaunchScreen.storyboard in Resources */,
				3D38C13D28B7BC06007CAE04 /* Assets.xcassets in Resources */,
				3D38C13B28B7BC03007CAE04 /* Main.storyboard in Resources */,
			);
			runOnlyForDeploymentPostprocessing = 0;
		};
		3D38C14428B7BC06007CAE04 /* Resources */ = {
			isa = PBXResourcesBuildPhase;
			buildActionMask = 2147483647;
			files = (
			);
			runOnlyForDeploymentPostprocessing = 0;
		};
		3D38C14F28B7BC06007CAE04 /* Resources */ = {
			isa = PBXResourcesBuildPhase;
			buildActionMask = 2147483647;
			files = (
			);
			runOnlyForDeploymentPostprocessing = 0;
		};
/* End PBXResourcesBuildPhase section */

/* Begin PBXSourcesBuildPhase section */
		3D38C12C28B7BC03007CAE04 /* Sources */ = {
			isa = PBXSourcesBuildPhase;
			buildActionMask = 2147483647;
			files = (
				3D38C13828B7BC03007CAE04 /* ViewController.swift in Sources */,
				3D38C13428B7BC03007CAE04 /* AppDelegate.swift in Sources */,
				3D38C13628B7BC03007CAE04 /* SceneDelegate.swift in Sources */,
			);
			runOnlyForDeploymentPostprocessing = 0;
		};
		3D38C14228B7BC06007CAE04 /* Sources */ = {
			isa = PBXSourcesBuildPhase;
			buildActionMask = 2147483647;
			files = (
				3D38C14B28B7BC06007CAE04 /* adaptaciones_pantallaTests.swift in Sources */,
			);
			runOnlyForDeploymentPostprocessing = 0;
		};
		3D38C14D28B7BC06007CAE04 /* Sources */ = {
			isa = PBXSourcesBuildPhase;
			buildActionMask = 2147483647;
			files = (
				3D38C15628B7BC06007CAE04 /* adaptaciones_pantallaUITests.swift in Sources */,
			);
			runOnlyForDeploymentPostprocessing = 0;
		};
/* End PBXSourcesBuildPhase section */

/* Begin PBXTargetDependency section */
		3D38C14828B7BC06007CAE04 /* PBXTargetDependency */ = {
			isa = PBXTargetDependency;
			target = 3D38C12F28B7BC03007CAE04 /* adaptaciones-pantalla */;
			targetProxy = 3D38C14728B7BC06007CAE04 /* PBXContainerItemProxy */;
		};
		3D38C15328B7BC06007CAE04 /* PBXTargetDependency */ = {
			isa = PBXTargetDependency;
			target = 3D38C12F28B7BC03007CAE04 /* adaptaciones-pantalla */;
			targetProxy = 3D38C15228B7BC06007CAE04 /* PBXContainerItemProxy */;
		};
/* End PBXTargetDependency section */

/* Begin PBXVariantGroup section */
		3D38C13928B7BC03007CAE04 /* Main.storyboard */ = {
			isa = PBXVariantGroup;
			children = (
				3D38C13A28B7BC03007CAE04 /* Base */,
			);
			name = Main.storyboard;
			sourceTree = "<group>";
		};
		3D38C13E28B7BC06007CAE04 /* LaunchScreen.storyboard */ = {
			isa = PBXVariantGroup;
			children = (
				3D38C13F28B7BC06007CAE04 /* Base */,
			);
			name = LaunchScreen.storyboard;
			sourceTree = "<group>";
		};
/* End PBXVariantGroup section */

/* Begin XCBuildConfiguration section */
		3D38C15828B7BC06007CAE04 /* Debug */ = {
			isa = XCBuildConfiguration;
			buildSettings = {
				ALWAYS_SEARCH_USER_PATHS = NO;
				CLANG_ANALYZER_NONNULL = YES;
				CLANG_ANALYZER_NUMBER_OBJECT_CONVERSION = YES_AGGRESSIVE;
				CLANG_CXX_LANGUAGE_STANDARD = "gnu++14";
				CLANG_CXX_LIBRARY = "libc++";
				CLANG_ENABLE_MODULES = YES;
				CLANG_ENABLE_OBJC_ARC = YES;
				CLANG_ENABLE_OBJC_WEAK = YES;
				CLANG_WARN_BLOCK_CAPTURE_AUTORELEASING = YES;
				CLANG_WARN_BOOL_CONVERSION = YES;
				CLANG_WARN_COMMA = YES;
				CLANG_WARN_CONSTANT_CONVERSION = YES;
				CLANG_WARN_DEPRECATED_OBJC_IMPLEMENTATIONS = YES;
				CLANG_WARN_DIRECT_OBJC_ISA_USAGE = YES_ERROR;
				CLANG_WARN_DOCUMENTATION_COMMENTS = YES;
				CLANG_WARN_EMPTY_BODY = YES;
				CLANG_WARN_ENUM_CONVERSION = YES;
				CLANG_WARN_INFINITE_RECURSION = YES;
				CLANG_WARN_INT_CONVERSION = YES;
				CLANG_WARN_NON_LITERAL_NULL_CONVERSION = YES;
				CLANG_WARN_OBJC_IMPLICIT_RETAIN_SELF = YES;
				CLANG_WARN_OBJC_LITERAL_CONVERSION = YES;
				CLANG_WARN_OBJC_ROOT_CLASS = YES_ERROR;
				CLANG_WARN_RANGE_LOOP_ANALYSIS = YES;
				CLANG_WARN_STRICT_PROTOTYPES = YES;
				CLANG_WARN_SUSPICIOUS_MOVE = YES;
				CLANG_WARN_UNGUARDED_AVAILABILITY = YES_AGGRESSIVE;
				CLANG_WARN_UNREACHABLE_CODE = YES;
				CLANG_WARN__DUPLICATE_METHOD_MATCH = YES;
				COPY_PHASE_STRIP = NO;
				DEBUG_INFORMATION_FORMAT = dwarf;
				ENABLE_STRICT_OBJC_MSGSEND = YES;
				ENABLE_TESTABILITY = YES;
				GCC_C_LANGUAGE_STANDARD = gnu11;
				GCC_DYNAMIC_NO_PIC = NO;
				GCC_NO_COMMON_BLOCKS = YES;
				GCC_OPTIMIZATION_LEVEL = 0;
				GCC_PREPROCESSOR_DEFINITIONS = (
					"DEBUG=1",
					"$(inherited)",
				);
				GCC_WARN_64_TO_32_BIT_CONVERSION = YES;
				GCC_WARN_ABOUT_RETURN_TYPE = YES_ERROR;
				GCC_WARN_UNDECLARED_SELECTOR = YES;
				GCC_WARN_UNINITIALIZED_AUTOS = YES_AGGRESSIVE;
				GCC_WARN_UNUSED_FUNCTION = YES;
				GCC_WARN_UNUSED_VARIABLE = YES;
				IPHONEOS_DEPLOYMENT_TARGET = 13.2;
				MTL_ENABLE_DEBUG_INFO = INCLUDE_SOURCE;
				MTL_FAST_MATH = YES;
				ONLY_ACTIVE_ARCH = YES;
				SDKROOT = iphoneos;
				SWIFT_ACTIVE_COMPILATION_CONDITIONS = DEBUG;
				SWIFT_OPTIMIZATION_LEVEL = "-Onone";
			};
			name = Debug;
		};
		3D38C15928B7BC06007CAE04 /* Release */ = {
			isa = XCBuildConfiguration;
			buildSettings = {
				ALWAYS_SEARCH_USER_PATHS = NO;
				CLANG_ANALYZER_NONNULL = YES;
				CLANG_ANALYZER_NUMBER_OBJECT_CONVERSION = YES_AGGRESSIVE;
				CLANG_CXX_LANGUAGE_STANDARD = "gnu++14";
				CLANG_CXX_LIBRARY = "libc++";
				CLANG_ENABLE_MODULES = YES;
				CLANG_ENABLE_OBJC_ARC = YES;
				CLANG_ENABLE_OBJC_WEAK = YES;
				CLANG_WARN_BLOCK_CAPTURE_AUTORELEASING = YES;
				CLANG_WARN_BOOL_CONVERSION = YES;
				CLANG_WARN_COMMA = YES;
				CLANG_WARN_CONSTANT_CONVERSION = YES;
				CLANG_WARN_DEPRECATED_OBJC_IMPLEMENTATIONS = YES;
				CLANG_WARN_DIRECT_OBJC_ISA_USAGE = YES_ERROR;
				CLANG_WARN_DOCUMENTATION_COMMENTS = YES;
				CLANG_WARN_EMPTY_BODY = YES;
				CLANG_WARN_ENUM_CONVERSION = YES;
				CLANG_WARN_INFINITE_RECURSION = YES;
				CLANG_WARN_INT_CONVERSION = YES;
				CLANG_WARN_NON_LITERAL_NULL_CONVERSION = YES;
				CLANG_WARN_OBJC_IMPLICIT_RETAIN_SELF = YES;
				CLANG_WARN_OBJC_LITERAL_CONVERSION = YES;
				CLANG_WARN_OBJC_ROOT_CLASS = YES_ERROR;
				CLANG_WARN_RANGE_LOOP_ANALYSIS = YES;
				CLANG_WARN_STRICT_PROTOTYPES = YES;
				CLANG_WARN_SUSPICIOUS_MOVE = YES;
				CLANG_WARN_UNGUARDED_AVAILABILITY = YES_AGGRESSIVE;
				CLANG_WARN_UNREACHABLE_CODE = YES;
				CLANG_WARN__DUPLICATE_METHOD_MATCH = YES;
				COPY_PHASE_STRIP = NO;
				DEBUG_INFORMATION_FORMAT = "dwarf-with-dsym";
				ENABLE_NS_ASSERTIONS = NO;
				ENABLE_STRICT_OBJC_MSGSEND = YES;
				GCC_C_LANGUAGE_STANDARD = gnu11;
				GCC_NO_COMMON_BLOCKS = YES;
				GCC_WARN_64_TO_32_BIT_CONVERSION = YES;
				GCC_WARN_ABOUT_RETURN_TYPE = YES_ERROR;
				GCC_WARN_UNDECLARED_SELECTOR = YES;
				GCC_WARN_UNINITIALIZED_AUTOS = YES_AGGRESSIVE;
				GCC_WARN_UNUSED_FUNCTION = YES;
				GCC_WARN_UNUSED_VARIABLE = YES;
				IPHONEOS_DEPLOYMENT_TARGET = 13.2;
				MTL_ENABLE_DEBUG_INFO = NO;
				MTL_FAST_MATH = YES;
				SDKROOT = iphoneos;
				SWIFT_COMPILATION_MODE = wholemodule;
				SWIFT_OPTIMIZATION_LEVEL = "-O";
				VALIDATE_PRODUCT = YES;
			};
			name = Release;
		};
		3D38C15B28B7BC06007CAE04 /* Debug */ = {
			isa = XCBuildConfiguration;
			buildSettings = {
				ASSETCATALOG_COMPILER_APPICON_NAME = AppIcon;
				CODE_SIGN_STYLE = Automatic;
				INFOPLIST_FILE = "adaptaciones-pantalla/Info.plist";
				LD_RUNPATH_SEARCH_PATHS = (
					"$(inherited)",
					"@executable_path/Frameworks",
				);
				PRODUCT_BUNDLE_IDENTIFIER = "edu.ulsa.adaptaciones-pantalla";
				PRODUCT_NAME = "$(TARGET_NAME)";
				SWIFT_VERSION = 5.0;
				TARGETED_DEVICE_FAMILY = "1,2";
			};
			name = Debug;
		};
		3D38C15C28B7BC06007CAE04 /* Release */ = {
			isa = XCBuildConfiguration;
			buildSettings = {
				ASSETCATALOG_COMPILER_APPICON_NAME = AppIcon;
				CODE_SIGN_STYLE = Automatic;
				INFOPLIST_FILE = "adaptaciones-pantalla/Info.plist";
				LD_RUNPATH_SEARCH_PATHS = (
					"$(inherited)",
					"@executable_path/Frameworks",
				);
				PRODUCT_BUNDLE_IDENTIFIER = "edu.ulsa.adaptaciones-pantalla";
				PRODUCT_NAME = "$(TARGET_NAME)";
				SWIFT_VERSION = 5.0;
				TARGETED_DEVICE_FAMILY = "1,2";
			};
			name = Release;
		};
		3D38C15E28B7BC06007CAE04 /* Debug */ = {
			isa = XCBuildConfiguration;
			buildSettings = {
				ALWAYS_EMBED_SWIFT_STANDARD_LIBRARIES = YES;
				BUNDLE_LOADER = "$(TEST_HOST)";
				CODE_SIGN_STYLE = Automatic;
				INFOPLIST_FILE = "adaptaciones-pantallaTests/Info.plist";
				IPHONEOS_DEPLOYMENT_TARGET = 13.2;
				LD_RUNPATH_SEARCH_PATHS = (
					"$(inherited)",
					"@executable_path/Frameworks",
					"@loader_path/Frameworks",
				);
				PRODUCT_BUNDLE_IDENTIFIER = "edu.ulsa.adaptaciones-pantallaTests";
				PRODUCT_NAME = "$(TARGET_NAME)";
				SWIFT_VERSION = 5.0;
				TARGETED_DEVICE_FAMILY = "1,2";
				TEST_HOST = "$(BUILT_PRODUCTS_DIR)/adaptaciones-pantalla.app/adaptaciones-pantalla";
			};
			name = Debug;
		};
		3D38C15F28B7BC06007CAE04 /* Release */ = {
			isa = XCBuildConfiguration;
			buildSettings = {
				ALWAYS_EMBED_SWIFT_STANDARD_LIBRARIES = YES;
				BUNDLE_LOADER = "$(TEST_HOST)";
				CODE_SIGN_STYLE = Automatic;
				INFOPLIST_FILE = "adaptaciones-pantallaTests/Info.plist";
				IPHONEOS_DEPLOYMENT_TARGET = 13.2;
				LD_RUNPATH_SEARCH_PATHS = (
					"$(inherited)",
					"@executable_path/Frameworks",
					"@loader_path/Frameworks",
				);
				PRODUCT_BUNDLE_IDENTIFIER = "edu.ulsa.adaptaciones-pantallaTests";
				PRODUCT_NAME = "$(TARGET_NAME)";
				SWIFT_VERSION = 5.0;
				TARGETED_DEVICE_FAMILY = "1,2";
				TEST_HOST = "$(BUILT_PRODUCTS_DIR)/adaptaciones-pantalla.app/adaptaciones-pantalla";
			};
			name = Release;
		};
		3D38C16128B7BC06007CAE04 /* Debug */ = {
			isa = XCBuildConfiguration;
			buildSettings = {
				ALWAYS_EMBED_SWIFT_STANDARD_LIBRARIES = YES;
				CODE_SIGN_STYLE = Automatic;
				INFOPLIST_FILE = "adaptaciones-pantallaUITests/Info.plist";
				LD_RUNPATH_SEARCH_PATHS = (
					"$(inherited)",
					"@executable_path/Frameworks",
					"@loader_path/Frameworks",
				);
				PRODUCT_BUNDLE_IDENTIFIER = "edu.ulsa.adaptaciones-pantallaUITests";
				PRODUCT_NAME = "$(TARGET_NAME)";
				SWIFT_VERSION = 5.0;
				TARGETED_DEVICE_FAMILY = "1,2";
				TEST_TARGET_NAME = "adaptaciones-pantalla";
			};
			name = Debug;
		};
		3D38C16228B7BC06007CAE04 /* Release */ = {
			isa = XCBuildConfiguration;
			buildSettings = {
				ALWAYS_EMBED_SWIFT_STANDARD_LIBRARIES = YES;
				CODE_SIGN_STYLE = Automatic;
				INFOPLIST_FILE = "adaptaciones-pantallaUITests/Info.plist";
				LD_RUNPATH_SEARCH_PATHS = (
					"$(inherited)",
					"@executable_path/Frameworks",
					"@loader_path/Frameworks",
				);
				PRODUCT_BUNDLE_IDENTIFIER = "edu.ulsa.adaptaciones-pantallaUITests";
				PRODUCT_NAME = "$(TARGET_NAME)";
				SWIFT_VERSION = 5.0;
				TARGETED_DEVICE_FAMILY = "1,2";
				TEST_TARGET_NAME = "adaptaciones-pantalla";
			};
			name = Release;
		};
/* End XCBuildConfiguration section */

/* Begin XCConfigurationList section */
		3D38C12B28B7BC03007CAE04 /* Build configuration list for PBXProject "adaptaciones-pantalla" */ = {
			isa = XCConfigurationList;
			buildConfigurations = (
				3D38C15828B7BC06007CAE04 /* Debug */,
				3D38C15928B7BC06007CAE04 /* Release */,
			);
			defaultConfigurationIsVisible = 0;
			defaultConfigurationName = Release;
		};
		3D38C15A28B7BC06007CAE04 /* Build configuration list for PBXNativeTarget "adaptaciones-pantalla" */ = {
			isa = XCConfigurationList;
			buildConfigurations = (
				3D38C15B28B7BC06007CAE04 /* Debug */,
				3D38C15C28B7BC06007CAE04 /* Release */,
			);
			defaultConfigurationIsVisible = 0;
			defaultConfigurationName = Release;
		};
		3D38C15D28B7BC06007CAE04 /* Build configuration list for PBXNativeTarget "adaptaciones-pantallaTests" */ = {
			isa = XCConfigurationList;
			buildConfigurations = (
				3D38C15E28B7BC06007CAE04 /* Debug */,
				3D38C15F28B7BC06007CAE04 /* Release */,
			);
			defaultConfigurationIsVisible = 0;
			defaultConfigurationName = Release;
		};
		3D38C16028B7BC06007CAE04 /* Build configuration list for PBXNativeTarget "adaptaciones-pantallaUITests" */ = {
			isa = XCConfigurationList;
			buildConfigurations = (
				3D38C16128B7BC06007CAE04 /* Debug */,
				3D38C16228B7BC06007CAE04 /* Release */,
			);
			defaultConfigurationIsVisible = 0;
			defaultConfigurationName = Release;
		};
/* End XCConfigurationList section */
	};
	rootObject = 3D38C12828B7BC03007CAE04 /* Project object */;
}
